
Microsoft Visual Studio Solution File, Format Version 12.00
# Visual Studio Version 16
VisualStudioVersion = 16.0.30717.126
MinimumVisualStudioVersion = 10.0.40219.1
Project("{FAE04EC0-301F-11D3-BF4B-00C04F79EFBC}") = "SCoffee", "SCoffee\SCoffee.csproj", "{70CE7DCA-B7F1-49D1-9911-2A0EA9B03D21}"
EndProject
Project("{FAE04EC0-301F-11D3-BF4B-00C04F79EFBC}") = "SCoffee.Data", "SCoffee.Data\SCoffee.Data.csproj", "{04881218-5F61-4D81-B091-5D408613F1A4}"
EndProject
Project("{FAE04EC0-301F-11D3-BF4B-00C04F79EFBC}") = "SCoffee.Services", "SCoffee.Services\SCoffee.Services.csproj", "{E5B169A6-80A1-40A1-B1AE-3DE7533E5901}"
EndProject
Global
	GlobalSection(SolutionConfigurationPlatforms) = preSolution
		Debug|Any CPU = Debug|Any CPU
		Release|Any CPU = Release|Any CPU
	EndGlobalSection
	GlobalSection(ProjectConfigurationPlatforms) = postSolution
		{70CE7DCA-B7F1-49D1-9911-2A0EA9B03D21}.Debug|Any CPU.ActiveCfg = Debug|Any CPU
		{70CE7DCA-B7F1-49D1-9911-2A0EA9B03D21}.Debug|Any CPU.Build.0 = Debug|Any CPU
		{70CE7DCA-B7F1-49D1-9911-2A0EA9B03D21}.Release|Any CPU.ActiveCfg = Release|Any CPU
		{70CE7DCA-B7F1-49D1-9911-2A0EA9B03D21}.Release|Any CPU.Build.0 = Release|Any CPU
		{04881218-5F61-4D81-B091-5D408613F1A4}.Debug|Any CPU.ActiveCfg = Debug|Any CPU
		{04881218-5F61-4D81-B091-5D408613F1A4}.Debug|Any CPU.Build.0 = Debug|Any CPU
		{04881218-5F61-4D81-B091-5D408613F1A4}.Release|Any CPU.ActiveCfg = Release|Any CPU
		{04881218-5F61-4D81-B091-5D408613F1A4}.Release|Any CPU.Build.0 = Release|Any CPU
		{E5B169A6-80A1-40A1-B1AE-3DE7533E5901}.Debug|Any CPU.ActiveCfg = Debug|Any CPU
		{E5B169A6-80A1-40A1-B1AE-3DE7533E5901}.Debug|Any CPU.Build.0 = Debug|Any CPU
		{E5B169A6-80A1-40A1-B1AE-3DE7533E5901}.Release|Any CPU.ActiveCfg = Release|Any CPU
		{E5B169A6-80A1-40A1-B1AE-3DE7533E5901}.Release|Any CPU.Build.0 = Release|Any CPU
	EndGlobalSection
	GlobalSection(SolutionProperties) = preSolution
		HideSolutionNode = FALSE
	EndGlobalSection
	GlobalSection(ExtensibilityGlobals) = postSolution
		SolutionGuid = {40DE76B4-10D9-48EF-81E6-1FE6EE0A95E3}
	EndGlobalSection
EndGlobal
